// !$*UTF8*$!
{
	archiveVersion = 1;
	classes = {
	};
	objectVersion = 48;
	objects = {

/* Begin PBXBuildFile section */
		F819880D2065AD5D0095EA16 /* AppDelegate.swift in Sources */ = {isa = PBXBuildFile; fileRef = F819880C2065AD5D0095EA16 /* AppDelegate.swift */; };
		F81988122065AD5D0095EA16 /* Main.storyboard in Resources */ = {isa = PBXBuildFile; fileRef = F81988102065AD5D0095EA16 /* Main.storyboard */; };
		F81988142065AD5D0095EA16 /* Assets.xcassets in Resources */ = {isa = PBXBuildFile; fileRef = F81988132065AD5D0095EA16 /* Assets.xcassets */; };
		F81988172065AD5D0095EA16 /* LaunchScreen.storyboard in Resources */ = {isa = PBXBuildFile; fileRef = F81988152065AD5D0095EA16 /* LaunchScreen.storyboard */; };
		F81988222065AD5D0095EA16 /* CanvasTests.swift in Sources */ = {isa = PBXBuildFile; fileRef = F81988212065AD5D0095EA16 /* CanvasTests.swift */; };
		F819882D2065AD5D0095EA16 /* CanvasUITests.swift in Sources */ = {isa = PBXBuildFile; fileRef = F819882C2065AD5D0095EA16 /* CanvasUITests.swift */; };
		F819883B2065AE8F0095EA16 /* CanvasViewController.swift in Sources */ = {isa = PBXBuildFile; fileRef = F819883A2065AE8F0095EA16 /* CanvasViewController.swift */; };
/* End PBXBuildFile section */

/* Begin PBXContainerItemProxy section */
		F819881E2065AD5D0095EA16 /* PBXContainerItemProxy */ = {
			isa = PBXContainerItemProxy;
			containerPortal = F81988012065AD5D0095EA16 /* Project object */;
			proxyType = 1;
			remoteGlobalIDString = F81988082065AD5D0095EA16;
			remoteInfo = Canvas;
		};
		F81988292065AD5D0095EA16 /* PBXContainerItemProxy */ = {
			isa = PBXContainerItemProxy;
			containerPortal = F81988012065AD5D0095EA16 /* Project object */;
			proxyType = 1;
			remoteGlobalIDString = F81988082065AD5D0095EA16;
			remoteInfo = Canvas;
		};
/* End PBXContainerItemProxy section */

/* Begin PBXFileReference section */
		F81988092065AD5D0095EA16 /* Canvas.app */ = {isa = PBXFileReference; explicitFileType = wrapper.application; includeInIndex = 0; path = Canvas.app; sourceTree = BUILT_PRODUCTS_DIR; };
		F819880C2065AD5D0095EA16 /* AppDelegate.swift */ = {isa = PBXFileReference; lastKnownFileType = sourcecode.swift; path = AppDelegate.swift; sourceTree = "<group>"; };
		F81988112065AD5D0095EA16 /* Base */ = {isa = PBXFileReference; lastKnownFileType = file.storyboard; name = Base; path = Base.lproj/Main.storyboard; sourceTree = "<group>"; };
		F81988132065AD5D0095EA16 /* Assets.xcassets */ = {isa = PBXFileReference; lastKnownFileType = folder.assetcatalog; path = Assets.xcassets; sourceTree = "<group>"; };
		F81988162065AD5D0095EA16 /* Base */ = {isa = PBXFileReference; lastKnownFileType = file.storyboard; name = Base; path = Base.lproj/LaunchScreen.storyboard; sourceTree = "<group>"; };
		F81988182065AD5D0095EA16 /* Info.plist */ = {isa = PBXFileReference; lastKnownFileType = text.plist.xml; path = Info.plist; sourceTree = "<group>"; };
		F819881D2065AD5D0095EA16 /* CanvasTests.xctest */ = {isa = PBXFileReference; explicitFileType = wrapper.cfbundle; includeInIndex = 0; path = CanvasTests.xctest; sourceTree = BUILT_PRODUCTS_DIR; };
		F81988212065AD5D0095EA16 /* CanvasTests.swift */ = {isa = PBXFileReference; lastKnownFileType = sourcecode.swift; path = CanvasTests.swift; sourceTree = "<group>"; };
		F81988232065AD5D0095EA16 /* Info.plist */ = {isa = PBXFileReference; lastKnownFileType = text.plist.xml; path = Info.plist; sourceTree = "<group>"; };
		F81988282065AD5D0095EA16 /* CanvasUITests.xctest */ = {isa = PBXFileReference; explicitFileType = wrapper.cfbundle; includeInIndex = 0; path = CanvasUITests.xctest; sourceTree = BUILT_PRODUCTS_DIR; };
		F819882C2065AD5D0095EA16 /* CanvasUITests.swift */ = {isa = PBXFileReference; lastKnownFileType = sourcecode.swift; path = CanvasUITests.swift; sourceTree = "<group>"; };
		F819882E2065AD5D0095EA16 /* Info.plist */ = {isa = PBXFileReference; lastKnownFileType = text.plist.xml; path = Info.plist; sourceTree = "<group>"; };
		F819883A2065AE8F0095EA16 /* CanvasViewController.swift */ = {isa = PBXFileReference; lastKnownFileType = sourcecode.swift; path = CanvasViewController.swift; sourceTree = "<group>"; };
/* End PBXFileReference section */

/* Begin PBXFrameworksBuildPhase section */
		F81988062065AD5D0095EA16 /* Frameworks */ = {
			isa = PBXFrameworksBuildPhase;
			buildActionMask = 2147483647;
			files = (
			);
			runOnlyForDeploymentPostprocessing = 0;
		};
		F819881A2065AD5D0095EA16 /* Frameworks */ = {
			isa = PBXFrameworksBuildPhase;
			buildActionMask = 2147483647;
			files = (
			);
			runOnlyForDeploymentPostprocessing = 0;
		};
		F81988252065AD5D0095EA16 /* Frameworks */ = {
			isa = PBXFrameworksBuildPhase;
			buildActionMask = 2147483647;
			files = (
			);
			runOnlyForDeploymentPostprocessing = 0;
		};
/* End PBXFrameworksBuildPhase section */

/* Begin PBXGroup section */
		F81988002065AD5D0095EA16 = {
			isa = PBXGroup;
			children = (
				F819880B2065AD5D0095EA16 /* Canvas */,
				F81988202065AD5D0095EA16 /* CanvasTests */,
				F819882B2065AD5D0095EA16 /* CanvasUITests */,
				F819880A2065AD5D0095EA16 /* Products */,
			);
			sourceTree = "<group>";
		};
		F819880A2065AD5D0095EA16 /* Products */ = {
			isa = PBXGroup;
			children = (
				F81988092065AD5D0095EA16 /* Canvas.app */,
				F819881D2065AD5D0095EA16 /* CanvasTests.xctest */,
				F81988282065AD5D0095EA16 /* CanvasUITests.xctest */,
			);
			name = Products;
			sourceTree = "<group>";
		};
		F819880B2065AD5D0095EA16 /* Canvas */ = {
			isa = PBXGroup;
			children = (
				F819880C2065AD5D0095EA16 /* AppDelegate.swift */,
				F81988102065AD5D0095EA16 /* Main.storyboard */,
				F81988132065AD5D0095EA16 /* Assets.xcassets */,
				F81988152065AD5D0095EA16 /* LaunchScreen.storyboard */,
				F81988182065AD5D0095EA16 /* Info.plist */,
				F819883A2065AE8F0095EA16 /* CanvasViewController.swift */,
			);
			path = Canvas;
			sourceTree = "<group>";
		};
		F81988202065AD5D0095EA16 /* CanvasTests */ = {
			isa = PBXGroup;
			children = (
				F81988212065AD5D0095EA16 /* CanvasTests.swift */,
				F81988232065AD5D0095EA16 /* Info.plist */,
			);
			path = CanvasTests;
			sourceTree = "<group>";
		};
		F819882B2065AD5D0095EA16 /* CanvasUITests */ = {
			isa = PBXGroup;
			children = (
				F819882C2065AD5D0095EA16 /* CanvasUITests.swift */,
				F819882E2065AD5D0095EA16 /* Info.plist */,
			);
			path = CanvasUITests;
			sourceTree = "<group>";
		};
/* End PBXGroup section */

/* Begin PBXNativeTarget section */
		F81988082065AD5D0095EA16 /* Canvas */ = {
			isa = PBXNativeTarget;
			buildConfigurationList = F81988312065AD5D0095EA16 /* Build configuration list for PBXNativeTarget "Canvas" */;
			buildPhases = (
				F81988052065AD5D0095EA16 /* Sources */,
				F81988062065AD5D0095EA16 /* Frameworks */,
				F81988072065AD5D0095EA16 /* Resources */,
			);
			buildRules = (
			);
			dependencies = (
			);
			name = Canvas;
			productName = Canvas;
			productReference = F81988092065AD5D0095EA16 /* Canvas.app */;
			productType = "com.apple.product-type.application";
		};
		F819881C2065AD5D0095EA16 /* CanvasTests */ = {
			isa = PBXNativeTarget;
			buildConfigurationList = F81988342065AD5D0095EA16 /* Build configuration list for PBXNativeTarget "CanvasTests" */;
			buildPhases = (
				F81988192065AD5D0095EA16 /* Sources */,
				F819881A2065AD5D0095EA16 /* Frameworks */,
				F819881B2065AD5D0095EA16 /* Resources */,
			);
			buildRules = (
			);
			dependencies = (
				F819881F2065AD5D0095EA16 /* PBXTargetDependency */,
			);
			name = CanvasTests;
			productName = CanvasTests;
			productReference = F819881D2065AD5D0095EA16 /* CanvasTests.xctest */;
			productType = "com.apple.product-type.bundle.unit-test";
		};
		F81988272065AD5D0095EA16 /* CanvasUITests */ = {
			isa = PBXNativeTarget;
			buildConfigurationList = F81988372065AD5D0095EA16 /* Build configuration list for PBXNativeTarget "CanvasUITests" */;
			buildPhases = (
				F81988242065AD5D0095EA16 /* Sources */,
				F81988252065AD5D0095EA16 /* Frameworks */,
				F81988262065AD5D0095EA16 /* Resources */,
			);
			buildRules = (
			);
			dependencies = (
				F819882A2065AD5D0095EA16 /* PBXTargetDependency */,
			);
			name = CanvasUITests;
			productName = CanvasUITests;
			productReference = F81988282065AD5D0095EA16 /* CanvasUITests.xctest */;
			productType = "com.apple.product-type.bundle.ui-testing";
		};
/* End PBXNativeTarget section */

/* Begin PBXProject section */
		F81988012065AD5D0095EA16 /* Project object */ = {
			isa = PBXProject;
			attributes = {
				LastSwiftUpdateCheck = 0920;
				LastUpgradeCheck = 0920;
				ORGANIZATIONNAME = "Anish Adhikari";
				TargetAttributes = {
					F81988082065AD5D0095EA16 = {
						CreatedOnToolsVersion = 9.2;
						ProvisioningStyle = Automatic;
					};
					F819881C2065AD5D0095EA16 = {
						CreatedOnToolsVersion = 9.2;
						ProvisioningStyle = Automatic;
						TestTargetID = F81988082065AD5D0095EA16;
					};
					F81988272065AD5D0095EA16 = {
						CreatedOnToolsVersion = 9.2;
						ProvisioningStyle = Automatic;
						TestTargetID = F81988082065AD5D0095EA16;
					};
				};
			};
			buildConfigurationList = F81988042065AD5D0095EA16 /* Build configuration list for PBXProject "Canvas" */;
			compatibilityVersion = "Xcode 8.0";
			developmentRegion = en;
			hasScannedForEncodings = 0;
			knownRegions = (
				en,
				Base,
			);
			mainGroup = F81988002065AD5D0095EA16;
			productRefGroup = F819880A2065AD5D0095EA16 /* Products */;
			projectDirPath = "";
			projectRoot = "";
			targets = (
				F81988082065AD5D0095EA16 /* Canvas */,
				F819881C2065AD5D0095EA16 /* CanvasTests */,
				F81988272065AD5D0095EA16 /* CanvasUITests */,
			);
		};
/* End PBXProject section */

/* Begin PBXResourcesBuildPhase section */
		F81988072065AD5D0095EA16 /* Resources */ = {
			isa = PBXResourcesBuildPhase;
			buildActionMask = 2147483647;
			files = (
				F81988172065AD5D0095EA16 /* LaunchScreen.storyboard in Resources */,
				F81988142065AD5D0095EA16 /* Assets.xcassets in Resources */,
				F81988122065AD5D0095EA16 /* Main.storyboard in Resources */,
			);
			runOnlyForDeploymentPostprocessing = 0;
		};
		F819881B2065AD5D0095EA16 /* Resources */ = {
			isa = PBXResourcesBuildPhase;
			buildActionMask = 2147483647;
			files = (
			);
			runOnlyForDeploymentPostprocessing = 0;
		};
		F81988262065AD5D0095EA16 /* Resources */ = {
			isa = PBXResourcesBuildPhase;
			buildActionMask = 2147483647;
			files = (
			);
			runOnlyForDeploymentPostprocessing = 0;
		};
/* End PBXResourcesBuildPhase section */

/* Begin PBXSourcesBuildPhase section */
		F81988052065AD5D0095EA16 /* Sources */ = {
			isa = PBXSourcesBuildPhase;
			buildActionMask = 2147483647;
			files = (
				F819883B2065AE8F0095EA16 /* CanvasViewController.swift in Sources */,
				F819880D2065AD5D0095EA16 /* AppDelegate.swift in Sources */,
			);
			runOnlyForDeploymentPostprocessing = 0;
		};
		F81988192065AD5D0095EA16 /* Sources */ = {
			isa = PBXSourcesBuildPhase;
			buildActionMask = 2147483647;
			files = (
				F81988222065AD5D0095EA16 /* CanvasTests.swift in Sources */,
			);
			runOnlyForDeploymentPostprocessing = 0;
		};
		F81988242065AD5D0095EA16 /* Sources */ = {
			isa = PBXSourcesBuildPhase;
			buildActionMask = 2147483647;
			files = (
				F819882D2065AD5D0095EA16 /* CanvasUITests.swift in Sources */,
			);
			runOnlyForDeploymentPostprocessing = 0;
		};
/* End PBXSourcesBuildPhase section */

/* Begin PBXTargetDependency section */
		F819881F2065AD5D0095EA16 /* PBXTargetDependency */ = {
			isa = PBXTargetDependency;
			target = F81988082065AD5D0095EA16 /* Canvas */;
			targetProxy = F819881E2065AD5D0095EA16 /* PBXContainerItemProxy */;
		};
		F819882A2065AD5D0095EA16 /* PBXTargetDependency */ = {
			isa = PBXTargetDependency;
			target = F81988082065AD5D0095EA16 /* Canvas */;
			targetProxy = F81988292065AD5D0095EA16 /* PBXContainerItemProxy */;
		};
/* End PBXTargetDependency section */

/* Begin PBXVariantGroup section */
		F81988102065AD5D0095EA16 /* Main.storyboard */ = {
			isa = PBXVariantGroup;
			children = (
				F81988112065AD5D0095EA16 /* Base */,
			);
			name = Main.storyboard;
			sourceTree = "<group>";
		};
		F81988152065AD5D0095EA16 /* LaunchScreen.storyboard */ = {
			isa = PBXVariantGroup;
			children = (
				F81988162065AD5D0095EA16 /* Base */,
			);
			name = LaunchScreen.storyboard;
			sourceTree = "<group>";
		};
/* End PBXVariantGroup section */

/* Begin XCBuildConfiguration section */
		F819882F2065AD5D0095EA16 /* Debug */ = {
			isa = XCBuildConfiguration;
			buildSettings = {
				ALWAYS_SEARCH_USER_PATHS = NO;
				CLANG_ANALYZER_NONNULL = YES;
				CLANG_ANALYZER_NUMBER_OBJECT_CONVERSION = YES_AGGRESSIVE;
				CLANG_CXX_LANGUAGE_STANDARD = "gnu++14";
				CLANG_CXX_LIBRARY = "libc++";
				CLANG_ENABLE_MODULES = YES;
				CLANG_ENABLE_OBJC_ARC = YES;
				CLANG_WARN_BLOCK_CAPTURE_AUTORELEASING = YES;
				CLANG_WARN_BOOL_CONVERSION = YES;
				CLANG_WARN_COMMA = YES;
				CLANG_WARN_CONSTANT_CONVERSION = YES;
				CLANG_WARN_DIRECT_OBJC_ISA_USAGE = YES_ERROR;
				CLANG_WARN_DOCUMENTATION_COMMENTS = YES;
				CLANG_WARN_EMPTY_BODY = YES;
				CLANG_WARN_ENUM_CONVERSION = YES;
				CLANG_WARN_INFINITE_RECURSION = YES;
				CLANG_WARN_INT_CONVERSION = YES;
				CLANG_WARN_NON_LITERAL_NULL_CONVERSION = YES;
				CLANG_WARN_OBJC_LITERAL_CONVERSION = YES;
				CLANG_WARN_OBJC_ROOT_CLASS = YES_ERROR;
				CLANG_WARN_RANGE_LOOP_ANALYSIS = YES;
				CLANG_WARN_STRICT_PROTOTYPES = YES;
				CLANG_WARN_SUSPICIOUS_MOVE = YES;
				CLANG_WARN_UNGUARDED_AVAILABILITY = YES_AGGRESSIVE;
				CLANG_WARN_UNREACHABLE_CODE = YES;
				CLANG_WARN__DUPLICATE_METHOD_MATCH = YES;
				CODE_SIGN_IDENTITY = "iPhone Developer";
				COPY_PHASE_STRIP = NO;
				DEBUG_INFORMATION_FORMAT = dwarf;
				ENABLE_STRICT_OBJC_MSGSEND = YES;
				ENABLE_TESTABILITY = YES;
				GCC_C_LANGUAGE_STANDARD = gnu11;
				GCC_DYNAMIC_NO_PIC = NO;
				GCC_NO_COMMON_BLOCKS = YES;
				GCC_OPTIMIZATION_LEVEL = 0;
				GCC_PREPROCESSOR_DEFINITIONS = (
					"DEBUG=1",
					"$(inherited)",
				);
				GCC_WARN_64_TO_32_BIT_CONVERSION = YES;
				GCC_WARN_ABOUT_RETURN_TYPE = YES_ERROR;
				GCC_WARN_UNDECLARED_SELECTOR = YES;
				GCC_WARN_UNINITIALIZED_AUTOS = YES_AGGRESSIVE;
				GCC_WARN_UNUSED_FUNCTION = YES;
				GCC_WARN_UNUSED_VARIABLE = YES;
				IPHONEOS_DEPLOYMENT_TARGET = 11.2;
				MTL_ENABLE_DEBUG_INFO = YES;
				ONLY_ACTIVE_ARCH = YES;
				SDKROOT = iphoneos;
				SWIFT_ACTIVE_COMPILATION_CONDITIONS = DEBUG;
				SWIFT_OPTIMIZATION_LEVEL = "-Onone";
			};
			name = Debug;
		};
		F81988302065AD5D0095EA16 /* Release */ = {
			isa = XCBuildConfiguration;
			buildSettings = {
				ALWAYS_SEARCH_USER_PATHS = NO;
				CLANG_ANALYZER_NONNULL = YES;
				CLANG_ANALYZER_NUMBER_OBJECT_CONVERSION = YES_AGGRESSIVE;
				CLANG_CXX_LANGUAGE_STANDARD = "gnu++14";
				CLANG_CXX_LIBRARY = "libc++";
				CLANG_ENABLE_MODULES = YES;
				CLANG_ENABLE_OBJC_ARC = YES;
				CLANG_WARN_BLOCK_CAPTURE_AUTORELEASING = YES;
				CLANG_WARN_BOOL_CONVERSION = YES;
				CLANG_WARN_COMMA = YES;
				CLANG_WARN_CONSTANT_CONVERSION = YES;
				CLANG_WARN_DIRECT_OBJC_ISA_USAGE = YES_ERROR;
				CLANG_WARN_DOCUMENTATION_COMMENTS = YES;
				CLANG_WARN_EMPTY_BODY = YES;
				CLANG_WARN_ENUM_CONVERSION = YES;
				CLANG_WARN_INFINITE_RECURSION = YES;
				CLANG_WARN_INT_CONVERSION = YES;
				CLANG_WARN_NON_LITERAL_NULL_CONVERSION = YES;
				CLANG_WARN_OBJC_LITERAL_CONVERSION = YES;
				CLANG_WARN_OBJC_ROOT_CLASS = YES_ERROR;
				CLANG_WARN_RANGE_LOOP_ANALYSIS = YES;
				CLANG_WARN_STRICT_PROTOTYPES = YES;
				CLANG_WARN_SUSPICIOUS_MOVE = YES;
				CLANG_WARN_UNGUARDED_AVAILABILITY = YES_AGGRESSIVE;
				CLANG_WARN_UNREACHABLE_CODE = YES;
				CLANG_WARN__DUPLICATE_METHOD_MATCH = YES;
				CODE_SIGN_IDENTITY = "iPhone Developer";
				COPY_PHASE_STRIP = NO;
				DEBUG_INFORMATION_FORMAT = "dwarf-with-dsym";
				ENABLE_NS_ASSERTIONS = NO;
				ENABLE_STRICT_OBJC_MSGSEND = YES;
				GCC_C_LANGUAGE_STANDARD = gnu11;
				GCC_NO_COMMON_BLOCKS = YES;
				GCC_WARN_64_TO_32_BIT_CONVERSION = YES;
				GCC_WARN_ABOUT_RETURN_TYPE = YES_ERROR;
				GCC_WARN_UNDECLARED_SELECTOR = YES;
				GCC_WARN_UNINITIALIZED_AUTOS = YES_AGGRESSIVE;
				GCC_WARN_UNUSED_FUNCTION = YES;
				GCC_WARN_UNUSED_VARIABLE = YES;
				IPHONEOS_DEPLOYMENT_TARGET = 11.2;
				MTL_ENABLE_DEBUG_INFO = NO;
				SDKROOT = iphoneos;
				SWIFT_OPTIMIZATION_LEVEL = "-Owholemodule";
				VALIDATE_PRODUCT = YES;
			};
			name = Release;
		};
		F81988322065AD5D0095EA16 /* Debug */ = {
			isa = XCBuildConfiguration;
			buildSettings = {
				ASSETCATALOG_COMPILER_APPICON_NAME = AppIcon;
				CODE_SIGN_STYLE = Automatic;
				DEVELOPMENT_TEAM = 6JTJHCFQH8;
				INFOPLIST_FILE = Canvas/Info.plist;
				LD_RUNPATH_SEARCH_PATHS = "$(inherited) @executable_path/Frameworks";
				PRODUCT_BUNDLE_IDENTIFIER = student.howard.Canvas;
				PRODUCT_NAME = "$(TARGET_NAME)";
				SWIFT_VERSION = 4.0;
				TARGETED_DEVICE_FAMILY = "1,2";
			};
			name = Debug;
		};
		F81988332065AD5D0095EA16 /* Release */ = {
			isa = XCBuildConfiguration;
			buildSettings = {
				ASSETCATALOG_COMPILER_APPICON_NAME = AppIcon;
				CODE_SIGN_STYLE = Automatic;
				DEVELOPMENT_TEAM = 6JTJHCFQH8;
				INFOPLIST_FILE = Canvas/Info.plist;
				LD_RUNPATH_SEARCH_PATHS = "$(inherited) @executable_path/Frameworks";
				PRODUCT_BUNDLE_IDENTIFIER = student.howard.Canvas;
				PRODUCT_NAME = "$(TARGET_NAME)";
				SWIFT_VERSION = 4.0;
				TARGETED_DEVICE_FAMILY = "1,2";
			};
			name = Release;
		};
		F81988352065AD5D0095EA16 /* Debug */ = {
			isa = XCBuildConfiguration;
			buildSettings = {
				ALWAYS_EMBED_SWIFT_STANDARD_LIBRARIES = YES;
				BUNDLE_LOADER = "$(TEST_HOST)";
				CODE_SIGN_STYLE = Automatic;
				DEVELOPMENT_TEAM = 6JTJHCFQH8;
				INFOPLIST_FILE = CanvasTests/Info.plist;
				LD_RUNPATH_SEARCH_PATHS = "$(inherited) @executable_path/Frameworks @loader_path/Frameworks";
				PRODUCT_BUNDLE_IDENTIFIER = student.howard.CanvasTests;
				PRODUCT_NAME = "$(TARGET_NAME)";
				SWIFT_VERSION = 4.0;
				TARGETED_DEVICE_FAMILY = "1,2";
				TEST_HOST = "$(BUILT_PRODUCTS_DIR)/Canvas.app/Canvas";
			};
			name = Debug;
		};
		F81988362065AD5D0095EA16 /* Release */ = {
			isa = XCBuildConfiguration;
			buildSettings = {
				ALWAYS_EMBED_SWIFT_STANDARD_LIBRARIES = YES;
				BUNDLE_LOADER = "$(TEST_HOST)";
				CODE_SIGN_STYLE = Automatic;
				DEVELOPMENT_TEAM = 6JTJHCFQH8;
				INFOPLIST_FILE = CanvasTests/Info.plist;
				LD_RUNPATH_SEARCH_PATHS = "$(inherited) @executable_path/Frameworks @loader_path/Frameworks";
				PRODUCT_BUNDLE_IDENTIFIER = student.howard.CanvasTests;
				PRODUCT_NAME = "$(TARGET_NAME)";
				SWIFT_VERSION = 4.0;
				TARGETED_DEVICE_FAMILY = "1,2";
				TEST_HOST = "$(BUILT_PRODUCTS_DIR)/Canvas.app/Canvas";
			};
			name = Release;
		};
		F81988382065AD5D0095EA16 /* Debug */ = {
			isa = XCBuildConfiguration;
			buildSettings = {
				ALWAYS_EMBED_SWIFT_STANDARD_LIBRARIES = YES;
				CODE_SIGN_STYLE = Automatic;
				DEVELOPMENT_TEAM = 6JTJHCFQH8;
				INFOPLIST_FILE = CanvasUITests/Info.plist;
				LD_RUNPATH_SEARCH_PATHS = "$(inherited) @executable_path/Frameworks @loader_path/Frameworks";
				PRODUCT_BUNDLE_IDENTIFIER = student.howard.CanvasUITests;
				PRODUCT_NAME = "$(TARGET_NAME)";
				SWIFT_VERSION = 4.0;
				TARGETED_DEVICE_FAMILY = "1,2";
				TEST_TARGET_NAME = Canvas;
			};
			name = Debug;
		};
		F81988392065AD5D0095EA16 /* Release */ = {
			isa = XCBuildConfiguration;
			buildSettings = {
				ALWAYS_EMBED_SWIFT_STANDARD_LIBRARIES = YES;
				CODE_SIGN_STYLE = Automatic;
				DEVELOPMENT_TEAM = 6JTJHCFQH8;
				INFOPLIST_FILE = CanvasUITests/Info.plist;
				LD_RUNPATH_SEARCH_PATHS = "$(inherited) @executable_path/Frameworks @loader_path/Frameworks";
				PRODUCT_BUNDLE_IDENTIFIER = student.howard.CanvasUITests;
				PRODUCT_NAME = "$(TARGET_NAME)";
				SWIFT_VERSION = 4.0;
				TARGETED_DEVICE_FAMILY = "1,2";
				TEST_TARGET_NAME = Canvas;
			};
			name = Release;
		};
/* End XCBuildConfiguration section */

/* Begin XCConfigurationList section */
		F81988042065AD5D0095EA16 /* Build configuration list for PBXProject "Canvas" */ = {
			isa = XCConfigurationList;
			buildConfigurations = (
				F819882F2065AD5D0095EA16 /* Debug */,
				F81988302065AD5D0095EA16 /* Release */,
			);
			defaultConfigurationIsVisible = 0;
			defaultConfigurationName = Release;
		};
		F81988312065AD5D0095EA16 /* Build configuration list for PBXNativeTarget "Canvas" */ = {
			isa = XCConfigurationList;
			buildConfigurations = (
				F81988322065AD5D0095EA16 /* Debug */,
				F81988332065AD5D0095EA16 /* Release */,
			);
			defaultConfigurationIsVisible = 0;
			defaultConfigurationName = Release;
		};
		F81988342065AD5D0095EA16 /* Build configuration list for PBXNativeTarget "CanvasTests" */ = {
			isa = XCConfigurationList;
			buildConfigurations = (
				F81988352065AD5D0095EA16 /* Debug */,
				F81988362065AD5D0095EA16 /* Release */,
			);
			defaultConfigurationIsVisible = 0;
			defaultConfigurationName = Release;
		};
		F81988372065AD5D0095EA16 /* Build configuration list for PBXNativeTarget "CanvasUITests" */ = {
			isa = XCConfigurationList;
			buildConfigurations = (
				F81988382065AD5D0095EA16 /* Debug */,
				F81988392065AD5D0095EA16 /* Release */,
			);
			defaultConfigurationIsVisible = 0;
			defaultConfigurationName = Release;
		};
/* End XCConfigurationList section */
	};
	rootObject = F81988012065AD5D0095EA16 /* Project object */;
}
